<?xml version="1.0" encoding="utf-8"?>
<Project ToolsVersion="16.0" xmlns="http://schemas.microsoft.com/developer/msbuild/2003">
  <ItemGroup>
    <CustomBuild Include="C:\Users\javey\OfficialProjectBinaries\CMakeFiles\2c292414a58d27c20546254a0f704e46\INSTALL_force.rule">
      <Filter>CMake Rules</Filter>
    </CustomBuild>
  </ItemGroup>
  <ItemGroup>
    <Filter Include="CMake Rules">
      <UniqueIdentifier>{20B02C9B-9478-3B9F-AF1F-F5BE27137896}</UniqueIdentifier>
    </Filter>
  </ItemGroup>
</Project>
