<?xml version="1.0" encoding="utf-8"?>
<Project ToolsVersion="16.0" xmlns="http://schemas.microsoft.com/developer/msbuild/2003">
  <ItemGroup>
    <ClCompile Include="C:\Users\javey\OfficialOpenGLSource\ogl-master\tutorial06_keyboard_and_mouse\tutorial06.cpp">
      <Filter>Source Files</Filter>
    </ClCompile>
    <ClCompile Include="C:\Users\javey\OfficialOpenGLSource\ogl-master\common\shader.cpp">
      <Filter>common</Filter>
    </ClCompile>
    <ClCompile Include="C:\Users\javey\OfficialOpenGLSource\ogl-master\common\controls.cpp">
      <Filter>common</Filter>
    </ClCompile>
    <ClCompile Include="C:\Users\javey\OfficialOpenGLSource\ogl-master\common\texture.cpp">
      <Filter>common</Filter>
    </ClCompile>
  </ItemGroup>
  <ItemGroup>
    <ClInclude Include="C:\Users\javey\OfficialOpenGLSource\ogl-master\common\shader.hpp">
      <Filter>common</Filter>
    </ClInclude>
    <ClInclude Include="C:\Users\javey\OfficialOpenGLSource\ogl-master\common\controls.hpp">
      <Filter>common</Filter>
    </ClInclude>
    <ClInclude Include="C:\Users\javey\OfficialOpenGLSource\ogl-master\common\texture.hpp">
      <Filter>common</Filter>
    </ClInclude>
  </ItemGroup>
  <ItemGroup>
    <CustomBuild Include="C:\Users\javey\OfficialOpenGLSource\ogl-master\CMakeLists.txt" />
  </ItemGroup>
  <ItemGroup>
    <None Include="C:\Users\javey\OfficialOpenGLSource\ogl-master\tutorial06_keyboard_and_mouse\TransformVertexShader.vertexshader">
      <Filter>shaders</Filter>
    </None>
    <None Include="C:\Users\javey\OfficialOpenGLSource\ogl-master\tutorial06_keyboard_and_mouse\TextureFragmentShader.fragmentshader">
      <Filter>shaders</Filter>
    </None>
  </ItemGroup>
  <ItemGroup>
    <Filter Include="Source Files">
      <UniqueIdentifier>{E17F597D-B2EE-3833-BE02-12EDCB5B8119}</UniqueIdentifier>
    </Filter>
    <Filter Include="common">
      <UniqueIdentifier>{0343BDE9-3940-3E5C-8BA7-46DBD669E6BC}</UniqueIdentifier>
    </Filter>
    <Filter Include="shaders">
      <UniqueIdentifier>{A6D1F4A7-C377-34F0-925E-BE2F15E6CE10}</UniqueIdentifier>
    </Filter>
  </ItemGroup>
</Project>
